
Microsoft Visual Studio Solution File, Format Version 12.00
# Visual Studio Version 16
VisualStudioVersion = 16.0.30717.126
MinimumVisualStudioVersion = 10.0.40219.1
Project("{FAE04EC0-301F-11D3-BF4B-00C04F79EFBC}") = "Bloknot2", "Bloknot2\Bloknot2.csproj", "{91A3E24E-1C9E-41CA-9EE0-5FE486C5491D}"
EndProject
Project("{FAE04EC0-301F-11D3-BF4B-00C04F79EFBC}") = "Blocnot.BL", "Blocnot.BL\Blocnot.BL.csproj", "{8A9B00D6-499A-44B8-A5FD-398EF5BA3830}"
EndProject
Global
	GlobalSection(SolutionConfigurationPlatforms) = preSolution
		Debug|Any CPU = Debug|Any CPU
		Release|Any CPU = Release|Any CPU
	EndGlobalSection
	GlobalSection(ProjectConfigurationPlatforms) = postSolution
		{91A3E24E-1C9E-41CA-9EE0-5FE486C5491D}.Debug|Any CPU.ActiveCfg = Debug|Any CPU
		{91A3E24E-1C9E-41CA-9EE0-5FE486C5491D}.Debug|Any CPU.Build.0 = Debug|Any CPU
		{91A3E24E-1C9E-41CA-9EE0-5FE486C5491D}.Release|Any CPU.ActiveCfg = Release|Any CPU
		{91A3E24E-1C9E-41CA-9EE0-5FE486C5491D}.Release|Any CPU.Build.0 = Release|Any CPU
		{8A9B00D6-499A-44B8-A5FD-398EF5BA3830}.Debug|Any CPU.ActiveCfg = Debug|Any CPU
		{8A9B00D6-499A-44B8-A5FD-398EF5BA3830}.Debug|Any CPU.Build.0 = Debug|Any CPU
		{8A9B00D6-499A-44B8-A5FD-398EF5BA3830}.Release|Any CPU.ActiveCfg = Release|Any CPU
		{8A9B00D6-499A-44B8-A5FD-398EF5BA3830}.Release|Any CPU.Build.0 = Release|Any CPU
	EndGlobalSection
	GlobalSection(SolutionProperties) = preSolution
		HideSolutionNode = FALSE
	EndGlobalSection
	GlobalSection(ExtensibilityGlobals) = postSolution
		SolutionGuid = {1A583428-5A5F-4B9A-9AFE-AB1FEF26DD34}
	EndGlobalSection
EndGlobal
